
Microsoft Visual Studio Solution File, Format Version 12.00
# Visual Studio Version 16
VisualStudioVersion = 16.0.28729.10
MinimumVisualStudioVersion = 10.0.40219.1
Project("{FAE04EC0-301F-11D3-BF4B-00C04F79EFBC}") = "lessons3", "lessons3\lessons3.csproj", "{4D4BEF99-89A2-460F-A096-AB0B466F8888}"
EndProject
Global
	GlobalSection(SolutionConfigurationPlatforms) = preSolution
		Debug|Any CPU = Debug|Any CPU
		Release|Any CPU = Release|Any CPU
	EndGlobalSection
	GlobalSection(ProjectConfigurationPlatforms) = postSolution
		{4D4BEF99-89A2-460F-A096-AB0B466F8888}.Debug|Any CPU.ActiveCfg = Debug|Any CPU
		{4D4BEF99-89A2-460F-A096-AB0B466F8888}.Debug|Any CPU.Build.0 = Debug|Any CPU
		{4D4BEF99-89A2-460F-A096-AB0B466F8888}.Release|Any CPU.ActiveCfg = Release|Any CPU
		{4D4BEF99-89A2-460F-A096-AB0B466F8888}.Release|Any CPU.Build.0 = Release|Any CPU
	EndGlobalSection
	GlobalSection(SolutionProperties) = preSolution
		HideSolutionNode = FALSE
	EndGlobalSection
	GlobalSection(ExtensibilityGlobals) = postSolution
		SolutionGuid = {5B7A4DDB-6401-4D33-B135-E77E7DA26DB6}
	EndGlobalSection
EndGlobal
